
Microsoft Visual Studio Solution File, Format Version 12.00
# Visual Studio 15
VisualStudioVersion = 15.0.28307.421
MinimumVisualStudioVersion = 10.0.40219.1
Project("{FAE04EC0-301F-11D3-BF4B-00C04F79EFBC}") = "ExsSolution", "ExsSolution\ExsSolution.csproj", "{8B3607FF-3126-4B79-A502-FA00BDC10F77}"
EndProject
Global
	GlobalSection(SolutionConfigurationPlatforms) = preSolution
		Debug|Any CPU = Debug|Any CPU
		Release|Any CPU = Release|Any CPU
	EndGlobalSection
	GlobalSection(ProjectConfigurationPlatforms) = postSolution
		{8B3607FF-3126-4B79-A502-FA00BDC10F77}.Debug|Any CPU.ActiveCfg = Debug|Any CPU
		{8B3607FF-3126-4B79-A502-FA00BDC10F77}.Debug|Any CPU.Build.0 = Debug|Any CPU
		{8B3607FF-3126-4B79-A502-FA00BDC10F77}.Release|Any CPU.ActiveCfg = Release|Any CPU
		{8B3607FF-3126-4B79-A502-FA00BDC10F77}.Release|Any CPU.Build.0 = Release|Any CPU
	EndGlobalSection
	GlobalSection(SolutionProperties) = preSolution
		HideSolutionNode = FALSE
	EndGlobalSection
	GlobalSection(ExtensibilityGlobals) = postSolution
		SolutionGuid = {477A92D3-1BEB-4BC4-BB63-C852225C9063}
	EndGlobalSection
EndGlobal
